
Microsoft Visual Studio Solution File, Format Version 12.00
# Visual Studio Version 16
VisualStudioVersion = 16.0.31105.61
MinimumVisualStudioVersion = 10.0.40219.1
Project("{F184B08F-C81C-45F6-A57F-5ABD9991F28F}") = "Infoware.Datos", "..\ICA3\Infoware.Datos\Infoware.Datos.vbproj", "{FA50218A-1FD3-4739-87EB-4E77591EE0A2}"
EndProject
Project("{F184B08F-C81C-45F6-A57F-5ABD9991F28F}") = "Infoware.Reglas", "..\ICA3\Infoware.Reglas\Infoware.Reglas.vbproj", "{8365B169-5835-4CC6-B9F3-91DD27AE4E1A}"
EndProject
Project("{2150E333-8FDC-42A3-9474-1A3956D46DE8}") = "ICA3", "ICA3", "{20E88D9C-5B4C-4BA5-B5D1-0AB7ECB82035}"
EndProject
Project("{F184B08F-C81C-45F6-A57F-5ABD9991F28F}") = "Infoware.Reglas.General", "..\ICA3\Infoware.Reglas.General\Infoware.Reglas.General.vbproj", "{FEDDE9A5-923F-47F7-B7AC-63BEAA34E7F8}"
EndProject
Project("{F184B08F-C81C-45F6-A57F-5ABD9991F28F}") = "Infoware.Reportes", "..\ICA3\Infoware.Reportes\Infoware.Reportes.vbproj", "{288345C5-9FD4-4AC9-A9D1-D42BC9AD3316}"
EndProject
Project("{F184B08F-C81C-45F6-A57F-5ABD9991F28F}") = "Infoware.Reporteador", "..\ICA3\Infoware.Reporteador\Infoware.Reporteador.vbproj", "{127297A9-3E7C-47ED-91BC-D29B8E1F9D7D}"
EndProject
Project("{F184B08F-C81C-45F6-A57F-5ABD9991F28F}") = "Infoware.Controles.Base", "..\ICA3\Infoware.Controles.Base\Infoware.Controles.Base.vbproj", "{C81D0A59-F9B2-450B-A59D-5AEF7AE898C1}"
EndProject
Project("{F184B08F-C81C-45F6-A57F-5ABD9991F28F}") = "Infoware.Controles.General", "..\ICA3\Infoware.Controles.General\Infoware.Controles.General.vbproj", "{39712C5D-86AB-49B9-B9A8-B55BE19C43D5}"
EndProject
Project("{FAE04EC0-301F-11D3-BF4B-00C04F79EFBC}") = "Infoware.Consola.Base", "..\ICA3\Infoware.Consola.Base\Infoware.Consola.Base.csproj", "{69C85426-E02A-4AF6-894C-9CE05EBBC66E}"
EndProject
Project("{F184B08F-C81C-45F6-A57F-5ABD9991F28F}") = "WWTS.Roles.Reglas", "WWTS.Roles\WWTS.Roles.Reglas\WWTS.Roles.Reglas.vbproj", "{01E84104-277E-4AEB-A5F4-85A404990B5C}"
EndProject
Project("{F184B08F-C81C-45F6-A57F-5ABD9991F28F}") = "Roles", "WWTS.Roles\WWTS.Roles.Modulo\Roles.vbproj", "{6583DF9B-D939-47E6-B888-1D00202B7C87}"
EndProject
Project("{2150E333-8FDC-42A3-9474-1A3956D46DE8}") = "General", "General", "{FE34451C-BAAF-44EA-AF7F-37AA5E717A53}"
EndProject
Project("{F184B08F-C81C-45F6-A57F-5ABD9991F28F}") = "WWTS.General.Reglas", "..\General\WWTS.General\WWTS.General.Reglas\WWTS.General.Reglas.vbproj", "{6F7C7749-44BD-42C0-9EF8-CACF87184CDF}"
EndProject
Project("{F184B08F-C81C-45F6-A57F-5ABD9991F28F}") = "WWTS.General.Controles", "..\General\WWTS.General\WWTS.General.Controles\WWTS.General.Controles.vbproj", "{B3F0A363-382F-4CDD-97A7-9DF3A4BF0B5A}"
EndProject
Project("{F184B08F-C81C-45F6-A57F-5ABD9991F28F}") = "WWTS.General.Modulo", "..\General\WWTS.General\WWTS.General.Modulo\WWTS.General.Modulo.vbproj", "{B5137A08-F8DB-4741-B474-39A437533DAF}"
EndProject
Project("{F184B08F-C81C-45F6-A57F-5ABD9991F28F}") = "WWTS.Aplicacion.Controles", "..\General\WWTS.Aplicacion\WWTS.Aplicacion.Controles\WWTS.Aplicacion.Controles.vbproj", "{6BDE14A6-64B8-41D0-A651-F32A8877CBD0}"
EndProject
Project("{F184B08F-C81C-45F6-A57F-5ABD9991F28F}") = "WWTS.Roles.Controles", "WWTS.Roles\WWTS.Roles.Controles\WWTS.Roles.Controles.vbproj", "{DFC6BF50-6A1F-40DF-8DB7-A4D56F9BB525}"
	ProjectSection(ProjectDependencies) = postProject
		{90DA84A9-754C-4C3F-B50F-D91347978E17} = {90DA84A9-754C-4C3F-B50F-D91347978E17}
		{DC541DBD-0CA3-4ECB-81BD-6130859DACB4} = {DC541DBD-0CA3-4ECB-81BD-6130859DACB4}
	EndProjectSection
EndProject
Project("{FAE04EC0-301F-11D3-BF4B-00C04F79EFBC}") = "Infoware.Updates", "..\ICA3\Infoware.Updates\Infoware.Updates.csproj", "{FFEF18E1-FC15-42C9-88EB-2B24B54D7F73}"
EndProject
Project("{2150E333-8FDC-42A3-9474-1A3956D46DE8}") = "FichasMedicas", "FichasMedicas", "{DE58CA9A-0DDC-4642-8518-AF8E9A7502E2}"
EndProject
Project("{F184B08F-C81C-45F6-A57F-5ABD9991F28F}") = "WWTS.FichasMedicas.Reglas", "..\FichasMedicas\WWTS.FichasMedicas\WWTS.FichasMedicas.Reglas\WWTS.FichasMedicas.Reglas.vbproj", "{90DA84A9-754C-4C3F-B50F-D91347978E17}"
EndProject
Project("{F184B08F-C81C-45F6-A57F-5ABD9991F28F}") = "WWTS.FichasMedicas.Controles", "..\FichasMedicas\WWTS.FichasMedicas\WWTS.FichasMedicas.Controles\WWTS.FichasMedicas.Controles.vbproj", "{DC541DBD-0CA3-4ECB-81BD-6130859DACB4}"
EndProject
Global
	GlobalSection(SolutionConfigurationPlatforms) = preSolution
		Coverage|Any CPU = Coverage|Any CPU
		Debug|Any CPU = Debug|Any CPU
		Mono Debug|Any CPU = Mono Debug|Any CPU
		Mono Release|Any CPU = Mono Release|Any CPU
		Release|Any CPU = Release|Any CPU
	EndGlobalSection
	GlobalSection(ProjectConfigurationPlatforms) = postSolution
		{FA50218A-1FD3-4739-87EB-4E77591EE0A2}.Coverage|Any CPU.ActiveCfg = Release|Any CPU
		{FA50218A-1FD3-4739-87EB-4E77591EE0A2}.Coverage|Any CPU.Build.0 = Release|Any CPU
		{FA50218A-1FD3-4739-87EB-4E77591EE0A2}.Debug|Any CPU.ActiveCfg = Debug|Any CPU
		{FA50218A-1FD3-4739-87EB-4E77591EE0A2}.Debug|Any CPU.Build.0 = Debug|Any CPU
		{FA50218A-1FD3-4739-87EB-4E77591EE0A2}.Mono Debug|Any CPU.ActiveCfg = Debug|Any CPU
		{FA50218A-1FD3-4739-87EB-4E77591EE0A2}.Mono Debug|Any CPU.Build.0 = Debug|Any CPU
		{FA50218A-1FD3-4739-87EB-4E77591EE0A2}.Mono Release|Any CPU.ActiveCfg = Release|Any CPU
		{FA50218A-1FD3-4739-87EB-4E77591EE0A2}.Mono Release|Any CPU.Build.0 = Release|Any CPU
		{FA50218A-1FD3-4739-87EB-4E77591EE0A2}.Release|Any CPU.ActiveCfg = Release|Any CPU
		{FA50218A-1FD3-4739-87EB-4E77591EE0A2}.Release|Any CPU.Build.0 = Release|Any CPU
		{8365B169-5835-4CC6-B9F3-91DD27AE4E1A}.Coverage|Any CPU.ActiveCfg = Release|Any CPU
		{8365B169-5835-4CC6-B9F3-91DD27AE4E1A}.Coverage|Any CPU.Build.0 = Release|Any CPU
		{8365B169-5835-4CC6-B9F3-91DD27AE4E1A}.Debug|Any CPU.ActiveCfg = Debug|Any CPU
		{8365B169-5835-4CC6-B9F3-91DD27AE4E1A}.Debug|Any CPU.Build.0 = Debug|Any CPU
		{8365B169-5835-4CC6-B9F3-91DD27AE4E1A}.Mono Debug|Any CPU.ActiveCfg = Debug|Any CPU
		{8365B169-5835-4CC6-B9F3-91DD27AE4E1A}.Mono Debug|Any CPU.Build.0 = Debug|Any CPU
		{8365B169-5835-4CC6-B9F3-91DD27AE4E1A}.Mono Release|Any CPU.ActiveCfg = Release|Any CPU
		{8365B169-5835-4CC6-B9F3-91DD27AE4E1A}.Mono Release|Any CPU.Build.0 = Release|Any CPU
		{8365B169-5835-4CC6-B9F3-91DD27AE4E1A}.Release|Any CPU.ActiveCfg = Release|Any CPU
		{8365B169-5835-4CC6-B9F3-91DD27AE4E1A}.Release|Any CPU.Build.0 = Release|Any CPU
		{FEDDE9A5-923F-47F7-B7AC-63BEAA34E7F8}.Coverage|Any CPU.ActiveCfg = Release|Any CPU
		{FEDDE9A5-923F-47F7-B7AC-63BEAA34E7F8}.Coverage|Any CPU.Build.0 = Release|Any CPU
		{FEDDE9A5-923F-47F7-B7AC-63BEAA34E7F8}.Debug|Any CPU.ActiveCfg = Debug|Any CPU
		{FEDDE9A5-923F-47F7-B7AC-63BEAA34E7F8}.Debug|Any CPU.Build.0 = Debug|Any CPU
		{FEDDE9A5-923F-47F7-B7AC-63BEAA34E7F8}.Mono Debug|Any CPU.ActiveCfg = Debug|Any CPU
		{FEDDE9A5-923F-47F7-B7AC-63BEAA34E7F8}.Mono Debug|Any CPU.Build.0 = Debug|Any CPU
		{FEDDE9A5-923F-47F7-B7AC-63BEAA34E7F8}.Mono Release|Any CPU.ActiveCfg = Release|Any CPU
		{FEDDE9A5-923F-47F7-B7AC-63BEAA34E7F8}.Mono Release|Any CPU.Build.0 = Release|Any CPU
		{FEDDE9A5-923F-47F7-B7AC-63BEAA34E7F8}.Release|Any CPU.ActiveCfg = Release|Any CPU
		{FEDDE9A5-923F-47F7-B7AC-63BEAA34E7F8}.Release|Any CPU.Build.0 = Release|Any CPU
		{288345C5-9FD4-4AC9-A9D1-D42BC9AD3316}.Coverage|Any CPU.ActiveCfg = Release|Any CPU
		{288345C5-9FD4-4AC9-A9D1-D42BC9AD3316}.Coverage|Any CPU.Build.0 = Release|Any CPU
		{288345C5-9FD4-4AC9-A9D1-D42BC9AD3316}.Debug|Any CPU.ActiveCfg = Debug|Any CPU
		{288345C5-9FD4-4AC9-A9D1-D42BC9AD3316}.Debug|Any CPU.Build.0 = Debug|Any CPU
		{288345C5-9FD4-4AC9-A9D1-D42BC9AD3316}.Mono Debug|Any CPU.ActiveCfg = Debug|Any CPU
		{288345C5-9FD4-4AC9-A9D1-D42BC9AD3316}.Mono Debug|Any CPU.Build.0 = Debug|Any CPU
		{288345C5-9FD4-4AC9-A9D1-D42BC9AD3316}.Mono Release|Any CPU.ActiveCfg = Release|Any CPU
		{288345C5-9FD4-4AC9-A9D1-D42BC9AD3316}.Mono Release|Any CPU.Build.0 = Release|Any CPU
		{288345C5-9FD4-4AC9-A9D1-D42BC9AD3316}.Release|Any CPU.ActiveCfg = Release|Any CPU
		{288345C5-9FD4-4AC9-A9D1-D42BC9AD3316}.Release|Any CPU.Build.0 = Release|Any CPU
		{127297A9-3E7C-47ED-91BC-D29B8E1F9D7D}.Coverage|Any CPU.ActiveCfg = Release|Any CPU
		{127297A9-3E7C-47ED-91BC-D29B8E1F9D7D}.Coverage|Any CPU.Build.0 = Release|Any CPU
		{127297A9-3E7C-47ED-91BC-D29B8E1F9D7D}.Debug|Any CPU.ActiveCfg = Debug|Any CPU
		{127297A9-3E7C-47ED-91BC-D29B8E1F9D7D}.Debug|Any CPU.Build.0 = Debug|Any CPU
		{127297A9-3E7C-47ED-91BC-D29B8E1F9D7D}.Mono Debug|Any CPU.ActiveCfg = Debug|Any CPU
		{127297A9-3E7C-47ED-91BC-D29B8E1F9D7D}.Mono Debug|Any CPU.Build.0 = Debug|Any CPU
		{127297A9-3E7C-47ED-91BC-D29B8E1F9D7D}.Mono Release|Any CPU.ActiveCfg = Release|Any CPU
		{127297A9-3E7C-47ED-91BC-D29B8E1F9D7D}.Mono Release|Any CPU.Build.0 = Release|Any CPU
		{127297A9-3E7C-47ED-91BC-D29B8E1F9D7D}.Release|Any CPU.ActiveCfg = Release|Any CPU
		{127297A9-3E7C-47ED-91BC-D29B8E1F9D7D}.Release|Any CPU.Build.0 = Release|Any CPU
		{C81D0A59-F9B2-450B-A59D-5AEF7AE898C1}.Coverage|Any CPU.ActiveCfg = Release|Any CPU
		{C81D0A59-F9B2-450B-A59D-5AEF7AE898C1}.Coverage|Any CPU.Build.0 = Release|Any CPU
		{C81D0A59-F9B2-450B-A59D-5AEF7AE898C1}.Debug|Any CPU.ActiveCfg = Debug|Any CPU
		{C81D0A59-F9B2-450B-A59D-5AEF7AE898C1}.Debug|Any CPU.Build.0 = Debug|Any CPU
		{C81D0A59-F9B2-450B-A59D-5AEF7AE898C1}.Mono Debug|Any CPU.ActiveCfg = Debug|Any CPU
		{C81D0A59-F9B2-450B-A59D-5AEF7AE898C1}.Mono Debug|Any CPU.Build.0 = Debug|Any CPU
		{C81D0A59-F9B2-450B-A59D-5AEF7AE898C1}.Mono Release|Any CPU.ActiveCfg = Release|Any CPU
		{C81D0A59-F9B2-450B-A59D-5AEF7AE898C1}.Mono Release|Any CPU.Build.0 = Release|Any CPU
		{C81D0A59-F9B2-450B-A59D-5AEF7AE898C1}.Release|Any CPU.ActiveCfg = Release|Any CPU
		{C81D0A59-F9B2-450B-A59D-5AEF7AE898C1}.Release|Any CPU.Build.0 = Release|Any CPU
		{39712C5D-86AB-49B9-B9A8-B55BE19C43D5}.Coverage|Any CPU.ActiveCfg = Release|Any CPU
		{39712C5D-86AB-49B9-B9A8-B55BE19C43D5}.Coverage|Any CPU.Build.0 = Release|Any CPU
		{39712C5D-86AB-49B9-B9A8-B55BE19C43D5}.Debug|Any CPU.ActiveCfg = Debug|Any CPU
		{39712C5D-86AB-49B9-B9A8-B55BE19C43D5}.Debug|Any CPU.Build.0 = Debug|Any CPU
		{39712C5D-86AB-49B9-B9A8-B55BE19C43D5}.Mono Debug|Any CPU.ActiveCfg = Debug|Any CPU
		{39712C5D-86AB-49B9-B9A8-B55BE19C43D5}.Mono Debug|Any CPU.Build.0 = Debug|Any CPU
		{39712C5D-86AB-49B9-B9A8-B55BE19C43D5}.Mono Release|Any CPU.ActiveCfg = Release|Any CPU
		{39712C5D-86AB-49B9-B9A8-B55BE19C43D5}.Mono Release|Any CPU.Build.0 = Release|Any CPU
		{39712C5D-86AB-49B9-B9A8-B55BE19C43D5}.Release|Any CPU.ActiveCfg = Release|Any CPU
		{39712C5D-86AB-49B9-B9A8-B55BE19C43D5}.Release|Any CPU.Build.0 = Release|Any CPU
		{69C85426-E02A-4AF6-894C-9CE05EBBC66E}.Coverage|Any CPU.ActiveCfg = Release|Any CPU
		{69C85426-E02A-4AF6-894C-9CE05EBBC66E}.Coverage|Any CPU.Build.0 = Release|Any CPU
		{69C85426-E02A-4AF6-894C-9CE05EBBC66E}.Debug|Any CPU.ActiveCfg = Debug|Any CPU
		{69C85426-E02A-4AF6-894C-9CE05EBBC66E}.Debug|Any CPU.Build.0 = Debug|Any CPU
		{69C85426-E02A-4AF6-894C-9CE05EBBC66E}.Mono Debug|Any CPU.ActiveCfg = Debug|Any CPU
		{69C85426-E02A-4AF6-894C-9CE05EBBC66E}.Mono Debug|Any CPU.Build.0 = Debug|Any CPU
		{69C85426-E02A-4AF6-894C-9CE05EBBC66E}.Mono Release|Any CPU.ActiveCfg = Release|Any CPU
		{69C85426-E02A-4AF6-894C-9CE05EBBC66E}.Mono Release|Any CPU.Build.0 = Release|Any CPU
		{69C85426-E02A-4AF6-894C-9CE05EBBC66E}.Release|Any CPU.ActiveCfg = Release|Any CPU
		{69C85426-E02A-4AF6-894C-9CE05EBBC66E}.Release|Any CPU.Build.0 = Release|Any CPU
		{01E84104-277E-4AEB-A5F4-85A404990B5C}.Coverage|Any CPU.ActiveCfg = Release|Any CPU
		{01E84104-277E-4AEB-A5F4-85A404990B5C}.Coverage|Any CPU.Build.0 = Release|Any CPU
		{01E84104-277E-4AEB-A5F4-85A404990B5C}.Debug|Any CPU.ActiveCfg = Debug|Any CPU
		{01E84104-277E-4AEB-A5F4-85A404990B5C}.Debug|Any CPU.Build.0 = Debug|Any CPU
		{01E84104-277E-4AEB-A5F4-85A404990B5C}.Mono Debug|Any CPU.ActiveCfg = Debug|Any CPU
		{01E84104-277E-4AEB-A5F4-85A404990B5C}.Mono Debug|Any CPU.Build.0 = Debug|Any CPU
		{01E84104-277E-4AEB-A5F4-85A404990B5C}.Mono Release|Any CPU.ActiveCfg = Release|Any CPU
		{01E84104-277E-4AEB-A5F4-85A404990B5C}.Mono Release|Any CPU.Build.0 = Release|Any CPU
		{01E84104-277E-4AEB-A5F4-85A404990B5C}.Release|Any CPU.ActiveCfg = Release|Any CPU
		{01E84104-277E-4AEB-A5F4-85A404990B5C}.Release|Any CPU.Build.0 = Release|Any CPU
		{6583DF9B-D939-47E6-B888-1D00202B7C87}.Coverage|Any CPU.ActiveCfg = Release|Any CPU
		{6583DF9B-D939-47E6-B888-1D00202B7C87}.Coverage|Any CPU.Build.0 = Release|Any CPU
		{6583DF9B-D939-47E6-B888-1D00202B7C87}.Debug|Any CPU.ActiveCfg = Debug|Any CPU
		{6583DF9B-D939-47E6-B888-1D00202B7C87}.Debug|Any CPU.Build.0 = Debug|Any CPU
		{6583DF9B-D939-47E6-B888-1D00202B7C87}.Mono Debug|Any CPU.ActiveCfg = Debug|Any CPU
		{6583DF9B-D939-47E6-B888-1D00202B7C87}.Mono Debug|Any CPU.Build.0 = Debug|Any CPU
		{6583DF9B-D939-47E6-B888-1D00202B7C87}.Mono Release|Any CPU.ActiveCfg = Release|Any CPU
		{6583DF9B-D939-47E6-B888-1D00202B7C87}.Mono Release|Any CPU.Build.0 = Release|Any CPU
		{6583DF9B-D939-47E6-B888-1D00202B7C87}.Release|Any CPU.ActiveCfg = Release|Any CPU
		{6583DF9B-D939-47E6-B888-1D00202B7C87}.Release|Any CPU.Build.0 = Release|Any CPU
		{6F7C7749-44BD-42C0-9EF8-CACF87184CDF}.Coverage|Any CPU.ActiveCfg = Release|Any CPU
		{6F7C7749-44BD-42C0-9EF8-CACF87184CDF}.Coverage|Any CPU.Build.0 = Release|Any CPU
		{6F7C7749-44BD-42C0-9EF8-CACF87184CDF}.Debug|Any CPU.ActiveCfg = Debug|Any CPU
		{6F7C7749-44BD-42C0-9EF8-CACF87184CDF}.Debug|Any CPU.Build.0 = Debug|Any CPU
		{6F7C7749-44BD-42C0-9EF8-CACF87184CDF}.Mono Debug|Any CPU.ActiveCfg = Debug|Any CPU
		{6F7C7749-44BD-42C0-9EF8-CACF87184CDF}.Mono Debug|Any CPU.Build.0 = Debug|Any CPU
		{6F7C7749-44BD-42C0-9EF8-CACF87184CDF}.Mono Release|Any CPU.ActiveCfg = Release|Any CPU
		{6F7C7749-44BD-42C0-9EF8-CACF87184CDF}.Mono Release|Any CPU.Build.0 = Release|Any CPU
		{6F7C7749-44BD-42C0-9EF8-CACF87184CDF}.Release|Any CPU.ActiveCfg = Release|Any CPU
		{6F7C7749-44BD-42C0-9EF8-CACF87184CDF}.Release|Any CPU.Build.0 = Release|Any CPU
		{B3F0A363-382F-4CDD-97A7-9DF3A4BF0B5A}.Coverage|Any CPU.ActiveCfg = Release|Any CPU
		{B3F0A363-382F-4CDD-97A7-9DF3A4BF0B5A}.Coverage|Any CPU.Build.0 = Release|Any CPU
		{B3F0A363-382F-4CDD-97A7-9DF3A4BF0B5A}.Debug|Any CPU.ActiveCfg = Debug|Any CPU
		{B3F0A363-382F-4CDD-97A7-9DF3A4BF0B5A}.Debug|Any CPU.Build.0 = Debug|Any CPU
		{B3F0A363-382F-4CDD-97A7-9DF3A4BF0B5A}.Mono Debug|Any CPU.ActiveCfg = Debug|Any CPU
		{B3F0A363-382F-4CDD-97A7-9DF3A4BF0B5A}.Mono Debug|Any CPU.Build.0 = Debug|Any CPU
		{B3F0A363-382F-4CDD-97A7-9DF3A4BF0B5A}.Mono Release|Any CPU.ActiveCfg = Release|Any CPU
		{B3F0A363-382F-4CDD-97A7-9DF3A4BF0B5A}.Mono Release|Any CPU.Build.0 = Release|Any CPU
		{B3F0A363-382F-4CDD-97A7-9DF3A4BF0B5A}.Release|Any CPU.ActiveCfg = Release|Any CPU
		{B3F0A363-382F-4CDD-97A7-9DF3A4BF0B5A}.Release|Any CPU.Build.0 = Release|Any CPU
		{B5137A08-F8DB-4741-B474-39A437533DAF}.Coverage|Any CPU.ActiveCfg = Release|Any CPU
		{B5137A08-F8DB-4741-B474-39A437533DAF}.Coverage|Any CPU.Build.0 = Release|Any CPU
		{B5137A08-F8DB-4741-B474-39A437533DAF}.Debug|Any CPU.ActiveCfg = Debug|Any CPU
		{B5137A08-F8DB-4741-B474-39A437533DAF}.Debug|Any CPU.Build.0 = Debug|Any CPU
		{B5137A08-F8DB-4741-B474-39A437533DAF}.Mono Debug|Any CPU.ActiveCfg = Debug|Any CPU
		{B5137A08-F8DB-4741-B474-39A437533DAF}.Mono Debug|Any CPU.Build.0 = Debug|Any CPU
		{B5137A08-F8DB-4741-B474-39A437533DAF}.Mono Release|Any CPU.ActiveCfg = Release|Any CPU
		{B5137A08-F8DB-4741-B474-39A437533DAF}.Mono Release|Any CPU.Build.0 = Release|Any CPU
		{B5137A08-F8DB-4741-B474-39A437533DAF}.Release|Any CPU.ActiveCfg = Release|Any CPU
		{B5137A08-F8DB-4741-B474-39A437533DAF}.Release|Any CPU.Build.0 = Release|Any CPU
		{6BDE14A6-64B8-41D0-A651-F32A8877CBD0}.Coverage|Any CPU.ActiveCfg = Release|Any CPU
		{6BDE14A6-64B8-41D0-A651-F32A8877CBD0}.Coverage|Any CPU.Build.0 = Release|Any CPU
		{6BDE14A6-64B8-41D0-A651-F32A8877CBD0}.Debug|Any CPU.ActiveCfg = Debug|Any CPU
		{6BDE14A6-64B8-41D0-A651-F32A8877CBD0}.Debug|Any CPU.Build.0 = Debug|Any CPU
		{6BDE14A6-64B8-41D0-A651-F32A8877CBD0}.Mono Debug|Any CPU.ActiveCfg = Debug|Any CPU
		{6BDE14A6-64B8-41D0-A651-F32A8877CBD0}.Mono Debug|Any CPU.Build.0 = Debug|Any CPU
		{6BDE14A6-64B8-41D0-A651-F32A8877CBD0}.Mono Release|Any CPU.ActiveCfg = Release|Any CPU
		{6BDE14A6-64B8-41D0-A651-F32A8877CBD0}.Mono Release|Any CPU.Build.0 = Release|Any CPU
		{6BDE14A6-64B8-41D0-A651-F32A8877CBD0}.Release|Any CPU.ActiveCfg = Release|Any CPU
		{6BDE14A6-64B8-41D0-A651-F32A8877CBD0}.Release|Any CPU.Build.0 = Release|Any CPU
		{DFC6BF50-6A1F-40DF-8DB7-A4D56F9BB525}.Coverage|Any CPU.ActiveCfg = Release|Any CPU
		{DFC6BF50-6A1F-40DF-8DB7-A4D56F9BB525}.Coverage|Any CPU.Build.0 = Release|Any CPU
		{DFC6BF50-6A1F-40DF-8DB7-A4D56F9BB525}.Debug|Any CPU.ActiveCfg = Debug|Any CPU
		{DFC6BF50-6A1F-40DF-8DB7-A4D56F9BB525}.Debug|Any CPU.Build.0 = Debug|Any CPU
		{DFC6BF50-6A1F-40DF-8DB7-A4D56F9BB525}.Mono Debug|Any CPU.ActiveCfg = Debug|Any CPU
		{DFC6BF50-6A1F-40DF-8DB7-A4D56F9BB525}.Mono Debug|Any CPU.Build.0 = Debug|Any CPU
		{DFC6BF50-6A1F-40DF-8DB7-A4D56F9BB525}.Mono Release|Any CPU.ActiveCfg = Release|Any CPU
		{DFC6BF50-6A1F-40DF-8DB7-A4D56F9BB525}.Mono Release|Any CPU.Build.0 = Release|Any CPU
		{DFC6BF50-6A1F-40DF-8DB7-A4D56F9BB525}.Release|Any CPU.ActiveCfg = Release|Any CPU
		{DFC6BF50-6A1F-40DF-8DB7-A4D56F9BB525}.Release|Any CPU.Build.0 = Release|Any CPU
		{FFEF18E1-FC15-42C9-88EB-2B24B54D7F73}.Coverage|Any CPU.ActiveCfg = Debug|Any CPU
		{FFEF18E1-FC15-42C9-88EB-2B24B54D7F73}.Coverage|Any CPU.Build.0 = Debug|Any CPU
		{FFEF18E1-FC15-42C9-88EB-2B24B54D7F73}.Debug|Any CPU.ActiveCfg = Debug|Any CPU
		{FFEF18E1-FC15-42C9-88EB-2B24B54D7F73}.Debug|Any CPU.Build.0 = Debug|Any CPU
		{FFEF18E1-FC15-42C9-88EB-2B24B54D7F73}.Mono Debug|Any CPU.ActiveCfg = Debug|Any CPU
		{FFEF18E1-FC15-42C9-88EB-2B24B54D7F73}.Mono Debug|Any CPU.Build.0 = Debug|Any CPU
		{FFEF18E1-FC15-42C9-88EB-2B24B54D7F73}.Mono Release|Any CPU.ActiveCfg = Release|Any CPU
		{FFEF18E1-FC15-42C9-88EB-2B24B54D7F73}.Mono Release|Any CPU.Build.0 = Release|Any CPU
		{FFEF18E1-FC15-42C9-88EB-2B24B54D7F73}.Release|Any CPU.ActiveCfg = Release|Any CPU
		{FFEF18E1-FC15-42C9-88EB-2B24B54D7F73}.Release|Any CPU.Build.0 = Release|Any CPU
		{90DA84A9-754C-4C3F-B50F-D91347978E17}.Coverage|Any CPU.ActiveCfg = Debug|Any CPU
		{90DA84A9-754C-4C3F-B50F-D91347978E17}.Coverage|Any CPU.Build.0 = Debug|Any CPU
		{90DA84A9-754C-4C3F-B50F-D91347978E17}.Debug|Any CPU.ActiveCfg = Debug|Any CPU
		{90DA84A9-754C-4C3F-B50F-D91347978E17}.Debug|Any CPU.Build.0 = Debug|Any CPU
		{90DA84A9-754C-4C3F-B50F-D91347978E17}.Mono Debug|Any CPU.ActiveCfg = Debug|Any CPU
		{90DA84A9-754C-4C3F-B50F-D91347978E17}.Mono Debug|Any CPU.Build.0 = Debug|Any CPU
		{90DA84A9-754C-4C3F-B50F-D91347978E17}.Mono Release|Any CPU.ActiveCfg = Release|Any CPU
		{90DA84A9-754C-4C3F-B50F-D91347978E17}.Mono Release|Any CPU.Build.0 = Release|Any CPU
		{90DA84A9-754C-4C3F-B50F-D91347978E17}.Release|Any CPU.ActiveCfg = Release|Any CPU
		{90DA84A9-754C-4C3F-B50F-D91347978E17}.Release|Any CPU.Build.0 = Release|Any CPU
		{DC541DBD-0CA3-4ECB-81BD-6130859DACB4}.Coverage|Any CPU.ActiveCfg = Debug|Any CPU
		{DC541DBD-0CA3-4ECB-81BD-6130859DACB4}.Coverage|Any CPU.Build.0 = Debug|Any CPU
		{DC541DBD-0CA3-4ECB-81BD-6130859DACB4}.Debug|Any CPU.ActiveCfg = Debug|Any CPU
		{DC541DBD-0CA3-4ECB-81BD-6130859DACB4}.Debug|Any CPU.Build.0 = Debug|Any CPU
		{DC541DBD-0CA3-4ECB-81BD-6130859DACB4}.Mono Debug|Any CPU.ActiveCfg = Debug|Any CPU
		{DC541DBD-0CA3-4ECB-81BD-6130859DACB4}.Mono Debug|Any CPU.Build.0 = Debug|Any CPU
		{DC541DBD-0CA3-4ECB-81BD-6130859DACB4}.Mono Release|Any CPU.ActiveCfg = Release|Any CPU
		{DC541DBD-0CA3-4ECB-81BD-6130859DACB4}.Mono Release|Any CPU.Build.0 = Release|Any CPU
		{DC541DBD-0CA3-4ECB-81BD-6130859DACB4}.Release|Any CPU.ActiveCfg = Release|Any CPU
		{DC541DBD-0CA3-4ECB-81BD-6130859DACB4}.Release|Any CPU.Build.0 = Release|Any CPU
	EndGlobalSection
	GlobalSection(SolutionProperties) = preSolution
		HideSolutionNode = FALSE
	EndGlobalSection
	GlobalSection(NestedProjects) = preSolution
		{FA50218A-1FD3-4739-87EB-4E77591EE0A2} = {20E88D9C-5B4C-4BA5-B5D1-0AB7ECB82035}
		{8365B169-5835-4CC6-B9F3-91DD27AE4E1A} = {20E88D9C-5B4C-4BA5-B5D1-0AB7ECB82035}
		{FEDDE9A5-923F-47F7-B7AC-63BEAA34E7F8} = {20E88D9C-5B4C-4BA5-B5D1-0AB7ECB82035}
		{288345C5-9FD4-4AC9-A9D1-D42BC9AD3316} = {20E88D9C-5B4C-4BA5-B5D1-0AB7ECB82035}
		{127297A9-3E7C-47ED-91BC-D29B8E1F9D7D} = {20E88D9C-5B4C-4BA5-B5D1-0AB7ECB82035}
		{C81D0A59-F9B2-450B-A59D-5AEF7AE898C1} = {20E88D9C-5B4C-4BA5-B5D1-0AB7ECB82035}
		{39712C5D-86AB-49B9-B9A8-B55BE19C43D5} = {20E88D9C-5B4C-4BA5-B5D1-0AB7ECB82035}
		{69C85426-E02A-4AF6-894C-9CE05EBBC66E} = {20E88D9C-5B4C-4BA5-B5D1-0AB7ECB82035}
		{6F7C7749-44BD-42C0-9EF8-CACF87184CDF} = {FE34451C-BAAF-44EA-AF7F-37AA5E717A53}
		{B3F0A363-382F-4CDD-97A7-9DF3A4BF0B5A} = {FE34451C-BAAF-44EA-AF7F-37AA5E717A53}
		{B5137A08-F8DB-4741-B474-39A437533DAF} = {FE34451C-BAAF-44EA-AF7F-37AA5E717A53}
		{6BDE14A6-64B8-41D0-A651-F32A8877CBD0} = {FE34451C-BAAF-44EA-AF7F-37AA5E717A53}
		{FFEF18E1-FC15-42C9-88EB-2B24B54D7F73} = {20E88D9C-5B4C-4BA5-B5D1-0AB7ECB82035}
		{90DA84A9-754C-4C3F-B50F-D91347978E17} = {DE58CA9A-0DDC-4642-8518-AF8E9A7502E2}
		{DC541DBD-0CA3-4ECB-81BD-6130859DACB4} = {DE58CA9A-0DDC-4642-8518-AF8E9A7502E2}
	EndGlobalSection
	GlobalSection(ExtensibilityGlobals) = postSolution
		SolutionGuid = {F363D9F2-98DE-4142-8AAF-0ADC373957EC}
	EndGlobalSection
EndGlobal
