
Microsoft Visual Studio Solution File, Format Version 12.00
# Visual Studio 15
VisualStudioVersion = 15.0.28307.1433
MinimumVisualStudioVersion = 10.0.40219.1
Project("{FAE04EC0-301F-11D3-BF4B-00C04F79EFBC}") = "ICA3", "ICA3\ICA3.csproj", "{C6C3C61D-DE03-4247-BE26-DCAC976F10F0}"
EndProject
Project("{FAE04EC0-301F-11D3-BF4B-00C04F79EFBC}") = "Infoware.Consola.Base", "Infoware.Consola.Base\Infoware.Consola.Base.csproj", "{69C85426-E02A-4AF6-894C-9CE05EBBC66E}"
EndProject
Project("{F184B08F-C81C-45F6-A57F-5ABD9991F28F}") = "Infoware.Datos", "Infoware.Datos\Infoware.Datos.vbproj", "{FA50218A-1FD3-4739-87EB-4E77591EE0A2}"
EndProject
Project("{F184B08F-C81C-45F6-A57F-5ABD9991F28F}") = "Infoware.Reglas", "Infoware.Reglas\Infoware.Reglas.vbproj", "{8365B169-5835-4CC6-B9F3-91DD27AE4E1A}"
EndProject
Project("{F184B08F-C81C-45F6-A57F-5ABD9991F28F}") = "Infoware.Reglas.General", "Infoware.Reglas.General\Infoware.Reglas.General.vbproj", "{FEDDE9A5-923F-47F7-B7AC-63BEAA34E7F8}"
EndProject
Project("{F184B08F-C81C-45F6-A57F-5ABD9991F28F}") = "Infoware.Controles.Base", "Infoware.Controles.Base\Infoware.Controles.Base.vbproj", "{C81D0A59-F9B2-450B-A59D-5AEF7AE898C1}"
EndProject
Project("{F184B08F-C81C-45F6-A57F-5ABD9991F28F}") = "Infoware.Controles.General", "Infoware.Controles.General\Infoware.Controles.General.vbproj", "{39712C5D-86AB-49B9-B9A8-B55BE19C43D5}"
EndProject
Project("{F184B08F-C81C-45F6-A57F-5ABD9991F28F}") = "Infoware.Reporteador", "Infoware.Reporteador\Infoware.Reporteador.vbproj", "{127297A9-3E7C-47ED-91BC-D29B8E1F9D7D}"
EndProject
Project("{F184B08F-C81C-45F6-A57F-5ABD9991F28F}") = "Infoware.Reportes", "Infoware.Reportes\Infoware.Reportes.vbproj", "{288345C5-9FD4-4AC9-A9D1-D42BC9AD3316}"
EndProject
Project("{2150E333-8FDC-42A3-9474-1A3956D46DE8}") = "ICA", "ICA", "{CA513AC9-AC60-4FCF-83F6-8E5929B957E6}"
EndProject
Project("{2150E333-8FDC-42A3-9474-1A3956D46DE8}") = "FichasMedicas", "FichasMedicas", "{6561A6EC-EFFD-4E1C-AACF-A43E000BFAF8}"
EndProject
Project("{F184B08F-C81C-45F6-A57F-5ABD9991F28F}") = "WWTS.FichasMedicas.Reglas", "WWTS.FichasMedicas\WWTS.FichasMedicas.Reglas\WWTS.FichasMedicas.Reglas.vbproj", "{90DA84A9-754C-4C3F-B50F-D91347978E17}"
EndProject
Project("{2150E333-8FDC-42A3-9474-1A3956D46DE8}") = "General", "General", "{81B0FA78-2BFD-4DBE-8EDA-713C4048596B}"
EndProject
Project("{F184B08F-C81C-45F6-A57F-5ABD9991F28F}") = "WWTS.General.Reglas", "WWTS.General\WWTS.General.Reglas\WWTS.General.Reglas.vbproj", "{6F7C7749-44BD-42C0-9EF8-CACF87184CDF}"
EndProject
Project("{F184B08F-C81C-45F6-A57F-5ABD9991F28F}") = "WWTS.General.Controles", "WWTS.General\WWTS.General.Controles\WWTS.General.Controles.vbproj", "{B3F0A363-382F-4CDD-97A7-9DF3A4BF0B5A}"
EndProject
Project("{2150E333-8FDC-42A3-9474-1A3956D46DE8}") = "Aplicacion", "Aplicacion", "{8F7569AC-7B2F-49C1-A6FC-5876B6E92A1C}"
EndProject
Project("{F184B08F-C81C-45F6-A57F-5ABD9991F28F}") = "WWTS.Aplicacion.Controles", "WWTS.Aplicacion\WWTS.Aplicacion.Controles\WWTS.Aplicacion.Controles.vbproj", "{6BDE14A6-64B8-41D0-A651-F32A8877CBD0}"
EndProject
Project("{F184B08F-C81C-45F6-A57F-5ABD9991F28F}") = "WWTS.FichasMedicas.Modulo", "WWTS.FichasMedicas\WWTS.FichasMedicas.Modulo\WWTS.FichasMedicas.Modulo.vbproj", "{0BEEF6E2-B1F6-4FF4-935A-FE69A3AA1CE5}"
EndProject
Project("{2150E333-8FDC-42A3-9474-1A3956D46DE8}") = "Roles", "Roles", "{74942341-C898-448D-A07D-67916705A2FB}"
EndProject
Project("{F184B08F-C81C-45F6-A57F-5ABD9991F28F}") = "WWTS.Roles.Reglas", "WWTS.Roles\WWTS.Roles.Reglas\WWTS.Roles.Reglas.vbproj", "{01E84104-277E-4AEB-A5F4-85A404990B5C}"
EndProject
Project("{F184B08F-C81C-45F6-A57F-5ABD9991F28F}") = "WWTS.Roles.Modulo", "WWTS.Roles\WWTS.Roles.Modulo\WWTS.Roles.Modulo.vbproj", "{6583DF9B-D939-47E6-B888-1D00202B7C87}"
EndProject
Project("{F184B08F-C81C-45F6-A57F-5ABD9991F28F}") = "WWTS.General.Modulo", "WWTS.General\WWTS.General.Modulo\WWTS.General.Modulo.vbproj", "{B5137A08-F8DB-4741-B474-39A437533DAF}"
EndProject
Project("{2150E333-8FDC-42A3-9474-1A3956D46DE8}") = "Siembra", "Siembra", "{FBBEB30A-8546-4392-8D8A-4EF6CA2E7815}"
EndProject
Project("{F184B08F-C81C-45F6-A57F-5ABD9991F28F}") = "WWTS.Siembra.Reglas", "WWTS.Siembra\WWTS.Siembra.Reglas\WWTS.Siembra.Reglas.vbproj", "{B6348E9D-0C68-4215-92AB-3E488C32829F}"
EndProject
Project("{F184B08F-C81C-45F6-A57F-5ABD9991F28F}") = "WWTS.Siembra.Modulo", "WWTS.Siembra\WWTS.Siembra.Modulo\WWTS.Siembra.Modulo.vbproj", "{CABE86F0-1D38-4626-9CFD-07C602F98B8B}"
EndProject
Global
	GlobalSection(SolutionConfigurationPlatforms) = preSolution
		Debug|Any CPU = Debug|Any CPU
		Debug|x86 = Debug|x86
		Release|Any CPU = Release|Any CPU
		Release|x86 = Release|x86
	EndGlobalSection
	GlobalSection(ProjectConfigurationPlatforms) = postSolution
		{C6C3C61D-DE03-4247-BE26-DCAC976F10F0}.Debug|Any CPU.ActiveCfg = Debug|Any CPU
		{C6C3C61D-DE03-4247-BE26-DCAC976F10F0}.Debug|Any CPU.Build.0 = Debug|Any CPU
		{C6C3C61D-DE03-4247-BE26-DCAC976F10F0}.Debug|x86.ActiveCfg = Debug|Any CPU
		{C6C3C61D-DE03-4247-BE26-DCAC976F10F0}.Debug|x86.Build.0 = Debug|Any CPU
		{C6C3C61D-DE03-4247-BE26-DCAC976F10F0}.Release|Any CPU.ActiveCfg = Release|Any CPU
		{C6C3C61D-DE03-4247-BE26-DCAC976F10F0}.Release|Any CPU.Build.0 = Release|Any CPU
		{C6C3C61D-DE03-4247-BE26-DCAC976F10F0}.Release|x86.ActiveCfg = Release|Any CPU
		{C6C3C61D-DE03-4247-BE26-DCAC976F10F0}.Release|x86.Build.0 = Release|Any CPU
		{69C85426-E02A-4AF6-894C-9CE05EBBC66E}.Debug|Any CPU.ActiveCfg = Debug|Any CPU
		{69C85426-E02A-4AF6-894C-9CE05EBBC66E}.Debug|Any CPU.Build.0 = Debug|Any CPU
		{69C85426-E02A-4AF6-894C-9CE05EBBC66E}.Debug|x86.ActiveCfg = Debug|Any CPU
		{69C85426-E02A-4AF6-894C-9CE05EBBC66E}.Debug|x86.Build.0 = Debug|Any CPU
		{69C85426-E02A-4AF6-894C-9CE05EBBC66E}.Release|Any CPU.ActiveCfg = Release|Any CPU
		{69C85426-E02A-4AF6-894C-9CE05EBBC66E}.Release|Any CPU.Build.0 = Release|Any CPU
		{69C85426-E02A-4AF6-894C-9CE05EBBC66E}.Release|x86.ActiveCfg = Release|Any CPU
		{69C85426-E02A-4AF6-894C-9CE05EBBC66E}.Release|x86.Build.0 = Release|Any CPU
		{FA50218A-1FD3-4739-87EB-4E77591EE0A2}.Debug|Any CPU.ActiveCfg = Debug|Any CPU
		{FA50218A-1FD3-4739-87EB-4E77591EE0A2}.Debug|Any CPU.Build.0 = Debug|Any CPU
		{FA50218A-1FD3-4739-87EB-4E77591EE0A2}.Debug|x86.ActiveCfg = Debug|Any CPU
		{FA50218A-1FD3-4739-87EB-4E77591EE0A2}.Debug|x86.Build.0 = Debug|Any CPU
		{FA50218A-1FD3-4739-87EB-4E77591EE0A2}.Release|Any CPU.ActiveCfg = Release|Any CPU
		{FA50218A-1FD3-4739-87EB-4E77591EE0A2}.Release|Any CPU.Build.0 = Release|Any CPU
		{FA50218A-1FD3-4739-87EB-4E77591EE0A2}.Release|x86.ActiveCfg = Release|Any CPU
		{FA50218A-1FD3-4739-87EB-4E77591EE0A2}.Release|x86.Build.0 = Release|Any CPU
		{8365B169-5835-4CC6-B9F3-91DD27AE4E1A}.Debug|Any CPU.ActiveCfg = Debug|Any CPU
		{8365B169-5835-4CC6-B9F3-91DD27AE4E1A}.Debug|Any CPU.Build.0 = Debug|Any CPU
		{8365B169-5835-4CC6-B9F3-91DD27AE4E1A}.Debug|x86.ActiveCfg = Debug|Any CPU
		{8365B169-5835-4CC6-B9F3-91DD27AE4E1A}.Debug|x86.Build.0 = Debug|Any CPU
		{8365B169-5835-4CC6-B9F3-91DD27AE4E1A}.Release|Any CPU.ActiveCfg = Release|Any CPU
		{8365B169-5835-4CC6-B9F3-91DD27AE4E1A}.Release|Any CPU.Build.0 = Release|Any CPU
		{8365B169-5835-4CC6-B9F3-91DD27AE4E1A}.Release|x86.ActiveCfg = Release|Any CPU
		{8365B169-5835-4CC6-B9F3-91DD27AE4E1A}.Release|x86.Build.0 = Release|Any CPU
		{FEDDE9A5-923F-47F7-B7AC-63BEAA34E7F8}.Debug|Any CPU.ActiveCfg = Debug|Any CPU
		{FEDDE9A5-923F-47F7-B7AC-63BEAA34E7F8}.Debug|Any CPU.Build.0 = Debug|Any CPU
		{FEDDE9A5-923F-47F7-B7AC-63BEAA34E7F8}.Debug|x86.ActiveCfg = Debug|Any CPU
		{FEDDE9A5-923F-47F7-B7AC-63BEAA34E7F8}.Debug|x86.Build.0 = Debug|Any CPU
		{FEDDE9A5-923F-47F7-B7AC-63BEAA34E7F8}.Release|Any CPU.ActiveCfg = Release|Any CPU
		{FEDDE9A5-923F-47F7-B7AC-63BEAA34E7F8}.Release|Any CPU.Build.0 = Release|Any CPU
		{FEDDE9A5-923F-47F7-B7AC-63BEAA34E7F8}.Release|x86.ActiveCfg = Release|Any CPU
		{FEDDE9A5-923F-47F7-B7AC-63BEAA34E7F8}.Release|x86.Build.0 = Release|Any CPU
		{C81D0A59-F9B2-450B-A59D-5AEF7AE898C1}.Debug|Any CPU.ActiveCfg = Debug|Any CPU
		{C81D0A59-F9B2-450B-A59D-5AEF7AE898C1}.Debug|Any CPU.Build.0 = Debug|Any CPU
		{C81D0A59-F9B2-450B-A59D-5AEF7AE898C1}.Debug|x86.ActiveCfg = Debug|Any CPU
		{C81D0A59-F9B2-450B-A59D-5AEF7AE898C1}.Debug|x86.Build.0 = Debug|Any CPU
		{C81D0A59-F9B2-450B-A59D-5AEF7AE898C1}.Release|Any CPU.ActiveCfg = Release|Any CPU
		{C81D0A59-F9B2-450B-A59D-5AEF7AE898C1}.Release|Any CPU.Build.0 = Release|Any CPU
		{C81D0A59-F9B2-450B-A59D-5AEF7AE898C1}.Release|x86.ActiveCfg = Release|Any CPU
		{C81D0A59-F9B2-450B-A59D-5AEF7AE898C1}.Release|x86.Build.0 = Release|Any CPU
		{39712C5D-86AB-49B9-B9A8-B55BE19C43D5}.Debug|Any CPU.ActiveCfg = Debug|Any CPU
		{39712C5D-86AB-49B9-B9A8-B55BE19C43D5}.Debug|Any CPU.Build.0 = Debug|Any CPU
		{39712C5D-86AB-49B9-B9A8-B55BE19C43D5}.Debug|x86.ActiveCfg = Debug|Any CPU
		{39712C5D-86AB-49B9-B9A8-B55BE19C43D5}.Debug|x86.Build.0 = Debug|Any CPU
		{39712C5D-86AB-49B9-B9A8-B55BE19C43D5}.Release|Any CPU.ActiveCfg = Release|Any CPU
		{39712C5D-86AB-49B9-B9A8-B55BE19C43D5}.Release|Any CPU.Build.0 = Release|Any CPU
		{39712C5D-86AB-49B9-B9A8-B55BE19C43D5}.Release|x86.ActiveCfg = Release|Any CPU
		{39712C5D-86AB-49B9-B9A8-B55BE19C43D5}.Release|x86.Build.0 = Release|Any CPU
		{127297A9-3E7C-47ED-91BC-D29B8E1F9D7D}.Debug|Any CPU.ActiveCfg = Debug|Any CPU
		{127297A9-3E7C-47ED-91BC-D29B8E1F9D7D}.Debug|Any CPU.Build.0 = Debug|Any CPU
		{127297A9-3E7C-47ED-91BC-D29B8E1F9D7D}.Debug|x86.ActiveCfg = Debug|Any CPU
		{127297A9-3E7C-47ED-91BC-D29B8E1F9D7D}.Debug|x86.Build.0 = Debug|Any CPU
		{127297A9-3E7C-47ED-91BC-D29B8E1F9D7D}.Release|Any CPU.ActiveCfg = Release|Any CPU
		{127297A9-3E7C-47ED-91BC-D29B8E1F9D7D}.Release|Any CPU.Build.0 = Release|Any CPU
		{127297A9-3E7C-47ED-91BC-D29B8E1F9D7D}.Release|x86.ActiveCfg = Release|Any CPU
		{127297A9-3E7C-47ED-91BC-D29B8E1F9D7D}.Release|x86.Build.0 = Release|Any CPU
		{288345C5-9FD4-4AC9-A9D1-D42BC9AD3316}.Debug|Any CPU.ActiveCfg = Debug|Any CPU
		{288345C5-9FD4-4AC9-A9D1-D42BC9AD3316}.Debug|Any CPU.Build.0 = Debug|Any CPU
		{288345C5-9FD4-4AC9-A9D1-D42BC9AD3316}.Debug|x86.ActiveCfg = Debug|Any CPU
		{288345C5-9FD4-4AC9-A9D1-D42BC9AD3316}.Debug|x86.Build.0 = Debug|Any CPU
		{288345C5-9FD4-4AC9-A9D1-D42BC9AD3316}.Release|Any CPU.ActiveCfg = Release|Any CPU
		{288345C5-9FD4-4AC9-A9D1-D42BC9AD3316}.Release|Any CPU.Build.0 = Release|Any CPU
		{288345C5-9FD4-4AC9-A9D1-D42BC9AD3316}.Release|x86.ActiveCfg = Release|Any CPU
		{288345C5-9FD4-4AC9-A9D1-D42BC9AD3316}.Release|x86.Build.0 = Release|Any CPU
		{90DA84A9-754C-4C3F-B50F-D91347978E17}.Debug|Any CPU.ActiveCfg = Debug|Any CPU
		{90DA84A9-754C-4C3F-B50F-D91347978E17}.Debug|Any CPU.Build.0 = Debug|Any CPU
		{90DA84A9-754C-4C3F-B50F-D91347978E17}.Debug|x86.ActiveCfg = Debug|Any CPU
		{90DA84A9-754C-4C3F-B50F-D91347978E17}.Debug|x86.Build.0 = Debug|Any CPU
		{90DA84A9-754C-4C3F-B50F-D91347978E17}.Release|Any CPU.ActiveCfg = Release|Any CPU
		{90DA84A9-754C-4C3F-B50F-D91347978E17}.Release|Any CPU.Build.0 = Release|Any CPU
		{90DA84A9-754C-4C3F-B50F-D91347978E17}.Release|x86.ActiveCfg = Release|Any CPU
		{90DA84A9-754C-4C3F-B50F-D91347978E17}.Release|x86.Build.0 = Release|Any CPU
		{6F7C7749-44BD-42C0-9EF8-CACF87184CDF}.Debug|Any CPU.ActiveCfg = Debug|Any CPU
		{6F7C7749-44BD-42C0-9EF8-CACF87184CDF}.Debug|Any CPU.Build.0 = Debug|Any CPU
		{6F7C7749-44BD-42C0-9EF8-CACF87184CDF}.Debug|x86.ActiveCfg = Debug|Any CPU
		{6F7C7749-44BD-42C0-9EF8-CACF87184CDF}.Debug|x86.Build.0 = Debug|Any CPU
		{6F7C7749-44BD-42C0-9EF8-CACF87184CDF}.Release|Any CPU.ActiveCfg = Release|Any CPU
		{6F7C7749-44BD-42C0-9EF8-CACF87184CDF}.Release|Any CPU.Build.0 = Release|Any CPU
		{6F7C7749-44BD-42C0-9EF8-CACF87184CDF}.Release|x86.ActiveCfg = Release|Any CPU
		{6F7C7749-44BD-42C0-9EF8-CACF87184CDF}.Release|x86.Build.0 = Release|Any CPU
		{B3F0A363-382F-4CDD-97A7-9DF3A4BF0B5A}.Debug|Any CPU.ActiveCfg = Debug|Any CPU
		{B3F0A363-382F-4CDD-97A7-9DF3A4BF0B5A}.Debug|Any CPU.Build.0 = Debug|Any CPU
		{B3F0A363-382F-4CDD-97A7-9DF3A4BF0B5A}.Debug|x86.ActiveCfg = Debug|Any CPU
		{B3F0A363-382F-4CDD-97A7-9DF3A4BF0B5A}.Debug|x86.Build.0 = Debug|Any CPU
		{B3F0A363-382F-4CDD-97A7-9DF3A4BF0B5A}.Release|Any CPU.ActiveCfg = Release|Any CPU
		{B3F0A363-382F-4CDD-97A7-9DF3A4BF0B5A}.Release|Any CPU.Build.0 = Release|Any CPU
		{B3F0A363-382F-4CDD-97A7-9DF3A4BF0B5A}.Release|x86.ActiveCfg = Release|Any CPU
		{B3F0A363-382F-4CDD-97A7-9DF3A4BF0B5A}.Release|x86.Build.0 = Release|Any CPU
		{6BDE14A6-64B8-41D0-A651-F32A8877CBD0}.Debug|Any CPU.ActiveCfg = Debug|Any CPU
		{6BDE14A6-64B8-41D0-A651-F32A8877CBD0}.Debug|Any CPU.Build.0 = Debug|Any CPU
		{6BDE14A6-64B8-41D0-A651-F32A8877CBD0}.Debug|x86.ActiveCfg = Debug|Any CPU
		{6BDE14A6-64B8-41D0-A651-F32A8877CBD0}.Debug|x86.Build.0 = Debug|Any CPU
		{6BDE14A6-64B8-41D0-A651-F32A8877CBD0}.Release|Any CPU.ActiveCfg = Release|Any CPU
		{6BDE14A6-64B8-41D0-A651-F32A8877CBD0}.Release|Any CPU.Build.0 = Release|Any CPU
		{6BDE14A6-64B8-41D0-A651-F32A8877CBD0}.Release|x86.ActiveCfg = Release|Any CPU
		{6BDE14A6-64B8-41D0-A651-F32A8877CBD0}.Release|x86.Build.0 = Release|Any CPU
		{0BEEF6E2-B1F6-4FF4-935A-FE69A3AA1CE5}.Debug|Any CPU.ActiveCfg = Debug|Any CPU
		{0BEEF6E2-B1F6-4FF4-935A-FE69A3AA1CE5}.Debug|Any CPU.Build.0 = Debug|Any CPU
		{0BEEF6E2-B1F6-4FF4-935A-FE69A3AA1CE5}.Debug|x86.ActiveCfg = Debug|Any CPU
		{0BEEF6E2-B1F6-4FF4-935A-FE69A3AA1CE5}.Debug|x86.Build.0 = Debug|Any CPU
		{0BEEF6E2-B1F6-4FF4-935A-FE69A3AA1CE5}.Release|Any CPU.ActiveCfg = Release|Any CPU
		{0BEEF6E2-B1F6-4FF4-935A-FE69A3AA1CE5}.Release|Any CPU.Build.0 = Release|Any CPU
		{0BEEF6E2-B1F6-4FF4-935A-FE69A3AA1CE5}.Release|x86.ActiveCfg = Release|Any CPU
		{0BEEF6E2-B1F6-4FF4-935A-FE69A3AA1CE5}.Release|x86.Build.0 = Release|Any CPU
		{01E84104-277E-4AEB-A5F4-85A404990B5C}.Debug|Any CPU.ActiveCfg = Debug|Any CPU
		{01E84104-277E-4AEB-A5F4-85A404990B5C}.Debug|Any CPU.Build.0 = Debug|Any CPU
		{01E84104-277E-4AEB-A5F4-85A404990B5C}.Debug|x86.ActiveCfg = Debug|Any CPU
		{01E84104-277E-4AEB-A5F4-85A404990B5C}.Debug|x86.Build.0 = Debug|Any CPU
		{01E84104-277E-4AEB-A5F4-85A404990B5C}.Release|Any CPU.ActiveCfg = Release|Any CPU
		{01E84104-277E-4AEB-A5F4-85A404990B5C}.Release|Any CPU.Build.0 = Release|Any CPU
		{01E84104-277E-4AEB-A5F4-85A404990B5C}.Release|x86.ActiveCfg = Release|Any CPU
		{01E84104-277E-4AEB-A5F4-85A404990B5C}.Release|x86.Build.0 = Release|Any CPU
		{6583DF9B-D939-47E6-B888-1D00202B7C87}.Debug|Any CPU.ActiveCfg = Debug|Any CPU
		{6583DF9B-D939-47E6-B888-1D00202B7C87}.Debug|Any CPU.Build.0 = Debug|Any CPU
		{6583DF9B-D939-47E6-B888-1D00202B7C87}.Debug|x86.ActiveCfg = Debug|Any CPU
		{6583DF9B-D939-47E6-B888-1D00202B7C87}.Debug|x86.Build.0 = Debug|Any CPU
		{6583DF9B-D939-47E6-B888-1D00202B7C87}.Release|Any CPU.ActiveCfg = Release|Any CPU
		{6583DF9B-D939-47E6-B888-1D00202B7C87}.Release|Any CPU.Build.0 = Release|Any CPU
		{6583DF9B-D939-47E6-B888-1D00202B7C87}.Release|x86.ActiveCfg = Release|Any CPU
		{6583DF9B-D939-47E6-B888-1D00202B7C87}.Release|x86.Build.0 = Release|Any CPU
		{B5137A08-F8DB-4741-B474-39A437533DAF}.Debug|Any CPU.ActiveCfg = Debug|Any CPU
		{B5137A08-F8DB-4741-B474-39A437533DAF}.Debug|Any CPU.Build.0 = Debug|Any CPU
		{B5137A08-F8DB-4741-B474-39A437533DAF}.Debug|x86.ActiveCfg = Debug|Any CPU
		{B5137A08-F8DB-4741-B474-39A437533DAF}.Debug|x86.Build.0 = Debug|Any CPU
		{B5137A08-F8DB-4741-B474-39A437533DAF}.Release|Any CPU.ActiveCfg = Release|Any CPU
		{B5137A08-F8DB-4741-B474-39A437533DAF}.Release|Any CPU.Build.0 = Release|Any CPU
		{B5137A08-F8DB-4741-B474-39A437533DAF}.Release|x86.ActiveCfg = Release|Any CPU
		{B5137A08-F8DB-4741-B474-39A437533DAF}.Release|x86.Build.0 = Release|Any CPU
		{B6348E9D-0C68-4215-92AB-3E488C32829F}.Debug|Any CPU.ActiveCfg = Debug|Any CPU
		{B6348E9D-0C68-4215-92AB-3E488C32829F}.Debug|Any CPU.Build.0 = Debug|Any CPU
		{B6348E9D-0C68-4215-92AB-3E488C32829F}.Debug|x86.ActiveCfg = Debug|Any CPU
		{B6348E9D-0C68-4215-92AB-3E488C32829F}.Debug|x86.Build.0 = Debug|Any CPU
		{B6348E9D-0C68-4215-92AB-3E488C32829F}.Release|Any CPU.ActiveCfg = Release|Any CPU
		{B6348E9D-0C68-4215-92AB-3E488C32829F}.Release|Any CPU.Build.0 = Release|Any CPU
		{B6348E9D-0C68-4215-92AB-3E488C32829F}.Release|x86.ActiveCfg = Release|Any CPU
		{B6348E9D-0C68-4215-92AB-3E488C32829F}.Release|x86.Build.0 = Release|Any CPU
		{CABE86F0-1D38-4626-9CFD-07C602F98B8B}.Debug|Any CPU.ActiveCfg = Debug|Any CPU
		{CABE86F0-1D38-4626-9CFD-07C602F98B8B}.Debug|Any CPU.Build.0 = Debug|Any CPU
		{CABE86F0-1D38-4626-9CFD-07C602F98B8B}.Debug|x86.ActiveCfg = Debug|x86
		{CABE86F0-1D38-4626-9CFD-07C602F98B8B}.Debug|x86.Build.0 = Debug|x86
		{CABE86F0-1D38-4626-9CFD-07C602F98B8B}.Release|Any CPU.ActiveCfg = Release|Any CPU
		{CABE86F0-1D38-4626-9CFD-07C602F98B8B}.Release|Any CPU.Build.0 = Release|Any CPU
		{CABE86F0-1D38-4626-9CFD-07C602F98B8B}.Release|x86.ActiveCfg = Release|x86
		{CABE86F0-1D38-4626-9CFD-07C602F98B8B}.Release|x86.Build.0 = Release|x86
	EndGlobalSection
	GlobalSection(SolutionProperties) = preSolution
		HideSolutionNode = FALSE
	EndGlobalSection
	GlobalSection(NestedProjects) = preSolution
		{C6C3C61D-DE03-4247-BE26-DCAC976F10F0} = {CA513AC9-AC60-4FCF-83F6-8E5929B957E6}
		{69C85426-E02A-4AF6-894C-9CE05EBBC66E} = {CA513AC9-AC60-4FCF-83F6-8E5929B957E6}
		{FA50218A-1FD3-4739-87EB-4E77591EE0A2} = {CA513AC9-AC60-4FCF-83F6-8E5929B957E6}
		{8365B169-5835-4CC6-B9F3-91DD27AE4E1A} = {CA513AC9-AC60-4FCF-83F6-8E5929B957E6}
		{FEDDE9A5-923F-47F7-B7AC-63BEAA34E7F8} = {CA513AC9-AC60-4FCF-83F6-8E5929B957E6}
		{C81D0A59-F9B2-450B-A59D-5AEF7AE898C1} = {CA513AC9-AC60-4FCF-83F6-8E5929B957E6}
		{39712C5D-86AB-49B9-B9A8-B55BE19C43D5} = {CA513AC9-AC60-4FCF-83F6-8E5929B957E6}
		{127297A9-3E7C-47ED-91BC-D29B8E1F9D7D} = {CA513AC9-AC60-4FCF-83F6-8E5929B957E6}
		{288345C5-9FD4-4AC9-A9D1-D42BC9AD3316} = {CA513AC9-AC60-4FCF-83F6-8E5929B957E6}
		{90DA84A9-754C-4C3F-B50F-D91347978E17} = {6561A6EC-EFFD-4E1C-AACF-A43E000BFAF8}
		{6F7C7749-44BD-42C0-9EF8-CACF87184CDF} = {81B0FA78-2BFD-4DBE-8EDA-713C4048596B}
		{B3F0A363-382F-4CDD-97A7-9DF3A4BF0B5A} = {81B0FA78-2BFD-4DBE-8EDA-713C4048596B}
		{6BDE14A6-64B8-41D0-A651-F32A8877CBD0} = {8F7569AC-7B2F-49C1-A6FC-5876B6E92A1C}
		{0BEEF6E2-B1F6-4FF4-935A-FE69A3AA1CE5} = {6561A6EC-EFFD-4E1C-AACF-A43E000BFAF8}
		{01E84104-277E-4AEB-A5F4-85A404990B5C} = {74942341-C898-448D-A07D-67916705A2FB}
		{6583DF9B-D939-47E6-B888-1D00202B7C87} = {74942341-C898-448D-A07D-67916705A2FB}
		{B5137A08-F8DB-4741-B474-39A437533DAF} = {81B0FA78-2BFD-4DBE-8EDA-713C4048596B}
		{B6348E9D-0C68-4215-92AB-3E488C32829F} = {FBBEB30A-8546-4392-8D8A-4EF6CA2E7815}
		{CABE86F0-1D38-4626-9CFD-07C602F98B8B} = {FBBEB30A-8546-4392-8D8A-4EF6CA2E7815}
	EndGlobalSection
	GlobalSection(ExtensibilityGlobals) = postSolution
		SolutionGuid = {E595DBB4-A801-4E22-B21F-DECB20B27D97}
	EndGlobalSection
EndGlobal
