
Microsoft Visual Studio Solution File, Format Version 12.00
# Visual Studio 15
VisualStudioVersion = 15.0.28307.1340
MinimumVisualStudioVersion = 10.0.40219.1
Project("{F184B08F-C81C-45F6-A57F-5ABD9991F28F}") = "WWTS.Roles.Modulo", "WWTS.Roles.Modulo.vbproj", "{6583DF9B-D939-47E6-B888-1D00202B7C87}"
EndProject
Project("{F184B08F-C81C-45F6-A57F-5ABD9991F28F}") = "WWTS.General.Reglas", "..\..\WWTS.General\WWTS.General.Reglas\WWTS.General.Reglas.vbproj", "{6F7C7749-44BD-42C0-9EF8-CACF87184CDF}"
EndProject
Global
	GlobalSection(SolutionConfigurationPlatforms) = preSolution
		Debug|Any CPU = Debug|Any CPU
		Release|Any CPU = Release|Any CPU
	EndGlobalSection
	GlobalSection(ProjectConfigurationPlatforms) = postSolution
		{6583DF9B-D939-47E6-B888-1D00202B7C87}.Debug|Any CPU.ActiveCfg = Debug|Any CPU
		{6583DF9B-D939-47E6-B888-1D00202B7C87}.Debug|Any CPU.Build.0 = Debug|Any CPU
		{6583DF9B-D939-47E6-B888-1D00202B7C87}.Release|Any CPU.ActiveCfg = Release|Any CPU
		{6583DF9B-D939-47E6-B888-1D00202B7C87}.Release|Any CPU.Build.0 = Release|Any CPU
		{6F7C7749-44BD-42C0-9EF8-CACF87184CDF}.Debug|Any CPU.ActiveCfg = Debug|Any CPU
		{6F7C7749-44BD-42C0-9EF8-CACF87184CDF}.Debug|Any CPU.Build.0 = Debug|Any CPU
		{6F7C7749-44BD-42C0-9EF8-CACF87184CDF}.Release|Any CPU.ActiveCfg = Release|Any CPU
		{6F7C7749-44BD-42C0-9EF8-CACF87184CDF}.Release|Any CPU.Build.0 = Release|Any CPU
	EndGlobalSection
	GlobalSection(SolutionProperties) = preSolution
		HideSolutionNode = FALSE
	EndGlobalSection
	GlobalSection(ExtensibilityGlobals) = postSolution
		SolutionGuid = {8CCC0F64-ABDD-473B-8C58-E1AF42F44DE3}
	EndGlobalSection
EndGlobal
