
Microsoft Visual Studio Solution File, Format Version 12.00
# Visual Studio Version 16
VisualStudioVersion = 16.0.31105.61
MinimumVisualStudioVersion = 10.0.40219.1
Project("{F184B08F-C81C-45F6-A57F-5ABD9991F28F}") = "WWTS.Siembra.Reglas", "WWTS.Siembra\WWTS.Siembra.Reglas\WWTS.Siembra.Reglas.vbproj", "{B6348E9D-0C68-4215-92AB-3E488C32829F}"
EndProject
Project("{F184B08F-C81C-45F6-A57F-5ABD9991F28F}") = "Infoware.Datos", "..\ICA3\Infoware.Datos\Infoware.Datos.vbproj", "{FA50218A-1FD3-4739-87EB-4E77591EE0A2}"
EndProject
Project("{2150E333-8FDC-42A3-9474-1A3956D46DE8}") = "ICA3", "ICA3", "{B9B89B13-ACF6-48F7-B5C6-26A441AD5D06}"
EndProject
Project("{F184B08F-C81C-45F6-A57F-5ABD9991F28F}") = "Infoware.Reglas", "..\ICA3\Infoware.Reglas\Infoware.Reglas.vbproj", "{8365B169-5835-4CC6-B9F3-91DD27AE4E1A}"
EndProject
Project("{F184B08F-C81C-45F6-A57F-5ABD9991F28F}") = "Infoware.Reglas.General", "..\ICA3\Infoware.Reglas.General\Infoware.Reglas.General.vbproj", "{FEDDE9A5-923F-47F7-B7AC-63BEAA34E7F8}"
EndProject
Project("{F184B08F-C81C-45F6-A57F-5ABD9991F28F}") = "Infoware.Reportes", "..\ICA3\Infoware.Reportes\Infoware.Reportes.vbproj", "{288345C5-9FD4-4AC9-A9D1-D42BC9AD3316}"
EndProject
Project("{F184B08F-C81C-45F6-A57F-5ABD9991F28F}") = "Infoware.Reporteador", "..\ICA3\Infoware.Reporteador\Infoware.Reporteador.vbproj", "{127297A9-3E7C-47ED-91BC-D29B8E1F9D7D}"
EndProject
Project("{F184B08F-C81C-45F6-A57F-5ABD9991F28F}") = "Infoware.Controles.Base", "..\ICA3\Infoware.Controles.Base\Infoware.Controles.Base.vbproj", "{C81D0A59-F9B2-450B-A59D-5AEF7AE898C1}"
EndProject
Project("{F184B08F-C81C-45F6-A57F-5ABD9991F28F}") = "Infoware.Controles.General", "..\ICA3\Infoware.Controles.General\Infoware.Controles.General.vbproj", "{39712C5D-86AB-49B9-B9A8-B55BE19C43D5}"
EndProject
Project("{FAE04EC0-301F-11D3-BF4B-00C04F79EFBC}") = "Infoware.Consola.Base", "..\ICA3\Infoware.Consola.Base\Infoware.Consola.Base.csproj", "{69C85426-E02A-4AF6-894C-9CE05EBBC66E}"
EndProject
Project("{F184B08F-C81C-45F6-A57F-5ABD9991F28F}") = "Siembra", "WWTS.Siembra\WWTS.Siembra.Modulo\Siembra.vbproj", "{CABE86F0-1D38-4626-9CFD-07C602F98B8B}"
EndProject
Project("{2150E333-8FDC-42A3-9474-1A3956D46DE8}") = "General", "General", "{82E5A76F-9935-4684-8A04-E022F90C532A}"
EndProject
Project("{F184B08F-C81C-45F6-A57F-5ABD9991F28F}") = "WWTS.General.Reglas", "..\General\WWTS.General\WWTS.General.Reglas\WWTS.General.Reglas.vbproj", "{6F7C7749-44BD-42C0-9EF8-CACF87184CDF}"
EndProject
Project("{F184B08F-C81C-45F6-A57F-5ABD9991F28F}") = "WWTS.General.Controles", "..\General\WWTS.General\WWTS.General.Controles\WWTS.General.Controles.vbproj", "{B3F0A363-382F-4CDD-97A7-9DF3A4BF0B5A}"
EndProject
Project("{F184B08F-C81C-45F6-A57F-5ABD9991F28F}") = "WWTS.General.Modulo", "..\General\WWTS.General\WWTS.General.Modulo\WWTS.General.Modulo.vbproj", "{B5137A08-F8DB-4741-B474-39A437533DAF}"
EndProject
Project("{F184B08F-C81C-45F6-A57F-5ABD9991F28F}") = "WWTS.Aplicacion.Controles", "..\General\WWTS.Aplicacion\WWTS.Aplicacion.Controles\WWTS.Aplicacion.Controles.vbproj", "{6BDE14A6-64B8-41D0-A651-F32A8877CBD0}"
EndProject
Project("{FAE04EC0-301F-11D3-BF4B-00C04F79EFBC}") = "Infoware.Updates", "..\ICA3\Infoware.Updates\Infoware.Updates.csproj", "{FFEF18E1-FC15-42C9-88EB-2B24B54D7F73}"
EndProject
Global
	GlobalSection(SolutionConfigurationPlatforms) = preSolution
		Debug|Any CPU = Debug|Any CPU
		Debug|x86 = Debug|x86
		Release|Any CPU = Release|Any CPU
		Release|x86 = Release|x86
	EndGlobalSection
	GlobalSection(ProjectConfigurationPlatforms) = postSolution
		{B6348E9D-0C68-4215-92AB-3E488C32829F}.Debug|Any CPU.ActiveCfg = Debug|Any CPU
		{B6348E9D-0C68-4215-92AB-3E488C32829F}.Debug|Any CPU.Build.0 = Debug|Any CPU
		{B6348E9D-0C68-4215-92AB-3E488C32829F}.Debug|x86.ActiveCfg = Debug|Any CPU
		{B6348E9D-0C68-4215-92AB-3E488C32829F}.Debug|x86.Build.0 = Debug|Any CPU
		{B6348E9D-0C68-4215-92AB-3E488C32829F}.Release|Any CPU.ActiveCfg = Release|Any CPU
		{B6348E9D-0C68-4215-92AB-3E488C32829F}.Release|Any CPU.Build.0 = Release|Any CPU
		{B6348E9D-0C68-4215-92AB-3E488C32829F}.Release|x86.ActiveCfg = Release|Any CPU
		{B6348E9D-0C68-4215-92AB-3E488C32829F}.Release|x86.Build.0 = Release|Any CPU
		{FA50218A-1FD3-4739-87EB-4E77591EE0A2}.Debug|Any CPU.ActiveCfg = Debug|Any CPU
		{FA50218A-1FD3-4739-87EB-4E77591EE0A2}.Debug|Any CPU.Build.0 = Debug|Any CPU
		{FA50218A-1FD3-4739-87EB-4E77591EE0A2}.Debug|x86.ActiveCfg = Debug|Any CPU
		{FA50218A-1FD3-4739-87EB-4E77591EE0A2}.Debug|x86.Build.0 = Debug|Any CPU
		{FA50218A-1FD3-4739-87EB-4E77591EE0A2}.Release|Any CPU.ActiveCfg = Release|Any CPU
		{FA50218A-1FD3-4739-87EB-4E77591EE0A2}.Release|Any CPU.Build.0 = Release|Any CPU
		{FA50218A-1FD3-4739-87EB-4E77591EE0A2}.Release|x86.ActiveCfg = Release|Any CPU
		{FA50218A-1FD3-4739-87EB-4E77591EE0A2}.Release|x86.Build.0 = Release|Any CPU
		{8365B169-5835-4CC6-B9F3-91DD27AE4E1A}.Debug|Any CPU.ActiveCfg = Debug|Any CPU
		{8365B169-5835-4CC6-B9F3-91DD27AE4E1A}.Debug|Any CPU.Build.0 = Debug|Any CPU
		{8365B169-5835-4CC6-B9F3-91DD27AE4E1A}.Debug|x86.ActiveCfg = Debug|Any CPU
		{8365B169-5835-4CC6-B9F3-91DD27AE4E1A}.Debug|x86.Build.0 = Debug|Any CPU
		{8365B169-5835-4CC6-B9F3-91DD27AE4E1A}.Release|Any CPU.ActiveCfg = Release|Any CPU
		{8365B169-5835-4CC6-B9F3-91DD27AE4E1A}.Release|Any CPU.Build.0 = Release|Any CPU
		{8365B169-5835-4CC6-B9F3-91DD27AE4E1A}.Release|x86.ActiveCfg = Release|Any CPU
		{8365B169-5835-4CC6-B9F3-91DD27AE4E1A}.Release|x86.Build.0 = Release|Any CPU
		{FEDDE9A5-923F-47F7-B7AC-63BEAA34E7F8}.Debug|Any CPU.ActiveCfg = Debug|Any CPU
		{FEDDE9A5-923F-47F7-B7AC-63BEAA34E7F8}.Debug|Any CPU.Build.0 = Debug|Any CPU
		{FEDDE9A5-923F-47F7-B7AC-63BEAA34E7F8}.Debug|x86.ActiveCfg = Debug|Any CPU
		{FEDDE9A5-923F-47F7-B7AC-63BEAA34E7F8}.Debug|x86.Build.0 = Debug|Any CPU
		{FEDDE9A5-923F-47F7-B7AC-63BEAA34E7F8}.Release|Any CPU.ActiveCfg = Release|Any CPU
		{FEDDE9A5-923F-47F7-B7AC-63BEAA34E7F8}.Release|Any CPU.Build.0 = Release|Any CPU
		{FEDDE9A5-923F-47F7-B7AC-63BEAA34E7F8}.Release|x86.ActiveCfg = Release|Any CPU
		{FEDDE9A5-923F-47F7-B7AC-63BEAA34E7F8}.Release|x86.Build.0 = Release|Any CPU
		{288345C5-9FD4-4AC9-A9D1-D42BC9AD3316}.Debug|Any CPU.ActiveCfg = Debug|Any CPU
		{288345C5-9FD4-4AC9-A9D1-D42BC9AD3316}.Debug|Any CPU.Build.0 = Debug|Any CPU
		{288345C5-9FD4-4AC9-A9D1-D42BC9AD3316}.Debug|x86.ActiveCfg = Debug|Any CPU
		{288345C5-9FD4-4AC9-A9D1-D42BC9AD3316}.Debug|x86.Build.0 = Debug|Any CPU
		{288345C5-9FD4-4AC9-A9D1-D42BC9AD3316}.Release|Any CPU.ActiveCfg = Release|Any CPU
		{288345C5-9FD4-4AC9-A9D1-D42BC9AD3316}.Release|Any CPU.Build.0 = Release|Any CPU
		{288345C5-9FD4-4AC9-A9D1-D42BC9AD3316}.Release|x86.ActiveCfg = Release|Any CPU
		{288345C5-9FD4-4AC9-A9D1-D42BC9AD3316}.Release|x86.Build.0 = Release|Any CPU
		{127297A9-3E7C-47ED-91BC-D29B8E1F9D7D}.Debug|Any CPU.ActiveCfg = Debug|Any CPU
		{127297A9-3E7C-47ED-91BC-D29B8E1F9D7D}.Debug|Any CPU.Build.0 = Debug|Any CPU
		{127297A9-3E7C-47ED-91BC-D29B8E1F9D7D}.Debug|x86.ActiveCfg = Debug|Any CPU
		{127297A9-3E7C-47ED-91BC-D29B8E1F9D7D}.Debug|x86.Build.0 = Debug|Any CPU
		{127297A9-3E7C-47ED-91BC-D29B8E1F9D7D}.Release|Any CPU.ActiveCfg = Release|Any CPU
		{127297A9-3E7C-47ED-91BC-D29B8E1F9D7D}.Release|Any CPU.Build.0 = Release|Any CPU
		{127297A9-3E7C-47ED-91BC-D29B8E1F9D7D}.Release|x86.ActiveCfg = Release|Any CPU
		{127297A9-3E7C-47ED-91BC-D29B8E1F9D7D}.Release|x86.Build.0 = Release|Any CPU
		{C81D0A59-F9B2-450B-A59D-5AEF7AE898C1}.Debug|Any CPU.ActiveCfg = Debug|Any CPU
		{C81D0A59-F9B2-450B-A59D-5AEF7AE898C1}.Debug|Any CPU.Build.0 = Debug|Any CPU
		{C81D0A59-F9B2-450B-A59D-5AEF7AE898C1}.Debug|x86.ActiveCfg = Debug|Any CPU
		{C81D0A59-F9B2-450B-A59D-5AEF7AE898C1}.Debug|x86.Build.0 = Debug|Any CPU
		{C81D0A59-F9B2-450B-A59D-5AEF7AE898C1}.Release|Any CPU.ActiveCfg = Release|Any CPU
		{C81D0A59-F9B2-450B-A59D-5AEF7AE898C1}.Release|Any CPU.Build.0 = Release|Any CPU
		{C81D0A59-F9B2-450B-A59D-5AEF7AE898C1}.Release|x86.ActiveCfg = Release|Any CPU
		{C81D0A59-F9B2-450B-A59D-5AEF7AE898C1}.Release|x86.Build.0 = Release|Any CPU
		{39712C5D-86AB-49B9-B9A8-B55BE19C43D5}.Debug|Any CPU.ActiveCfg = Debug|Any CPU
		{39712C5D-86AB-49B9-B9A8-B55BE19C43D5}.Debug|Any CPU.Build.0 = Debug|Any CPU
		{39712C5D-86AB-49B9-B9A8-B55BE19C43D5}.Debug|x86.ActiveCfg = Debug|Any CPU
		{39712C5D-86AB-49B9-B9A8-B55BE19C43D5}.Debug|x86.Build.0 = Debug|Any CPU
		{39712C5D-86AB-49B9-B9A8-B55BE19C43D5}.Release|Any CPU.ActiveCfg = Release|Any CPU
		{39712C5D-86AB-49B9-B9A8-B55BE19C43D5}.Release|Any CPU.Build.0 = Release|Any CPU
		{39712C5D-86AB-49B9-B9A8-B55BE19C43D5}.Release|x86.ActiveCfg = Release|Any CPU
		{39712C5D-86AB-49B9-B9A8-B55BE19C43D5}.Release|x86.Build.0 = Release|Any CPU
		{69C85426-E02A-4AF6-894C-9CE05EBBC66E}.Debug|Any CPU.ActiveCfg = Debug|Any CPU
		{69C85426-E02A-4AF6-894C-9CE05EBBC66E}.Debug|Any CPU.Build.0 = Debug|Any CPU
		{69C85426-E02A-4AF6-894C-9CE05EBBC66E}.Debug|x86.ActiveCfg = Debug|Any CPU
		{69C85426-E02A-4AF6-894C-9CE05EBBC66E}.Debug|x86.Build.0 = Debug|Any CPU
		{69C85426-E02A-4AF6-894C-9CE05EBBC66E}.Release|Any CPU.ActiveCfg = Release|Any CPU
		{69C85426-E02A-4AF6-894C-9CE05EBBC66E}.Release|Any CPU.Build.0 = Release|Any CPU
		{69C85426-E02A-4AF6-894C-9CE05EBBC66E}.Release|x86.ActiveCfg = Release|Any CPU
		{69C85426-E02A-4AF6-894C-9CE05EBBC66E}.Release|x86.Build.0 = Release|Any CPU
		{CABE86F0-1D38-4626-9CFD-07C602F98B8B}.Debug|Any CPU.ActiveCfg = Debug|Any CPU
		{CABE86F0-1D38-4626-9CFD-07C602F98B8B}.Debug|Any CPU.Build.0 = Debug|Any CPU
		{CABE86F0-1D38-4626-9CFD-07C602F98B8B}.Debug|x86.ActiveCfg = Debug|x86
		{CABE86F0-1D38-4626-9CFD-07C602F98B8B}.Debug|x86.Build.0 = Debug|x86
		{CABE86F0-1D38-4626-9CFD-07C602F98B8B}.Release|Any CPU.ActiveCfg = Release|Any CPU
		{CABE86F0-1D38-4626-9CFD-07C602F98B8B}.Release|Any CPU.Build.0 = Release|Any CPU
		{CABE86F0-1D38-4626-9CFD-07C602F98B8B}.Release|x86.ActiveCfg = Release|x86
		{CABE86F0-1D38-4626-9CFD-07C602F98B8B}.Release|x86.Build.0 = Release|x86
		{6F7C7749-44BD-42C0-9EF8-CACF87184CDF}.Debug|Any CPU.ActiveCfg = Debug|Any CPU
		{6F7C7749-44BD-42C0-9EF8-CACF87184CDF}.Debug|Any CPU.Build.0 = Debug|Any CPU
		{6F7C7749-44BD-42C0-9EF8-CACF87184CDF}.Debug|x86.ActiveCfg = Debug|Any CPU
		{6F7C7749-44BD-42C0-9EF8-CACF87184CDF}.Debug|x86.Build.0 = Debug|Any CPU
		{6F7C7749-44BD-42C0-9EF8-CACF87184CDF}.Release|Any CPU.ActiveCfg = Release|Any CPU
		{6F7C7749-44BD-42C0-9EF8-CACF87184CDF}.Release|Any CPU.Build.0 = Release|Any CPU
		{6F7C7749-44BD-42C0-9EF8-CACF87184CDF}.Release|x86.ActiveCfg = Release|Any CPU
		{6F7C7749-44BD-42C0-9EF8-CACF87184CDF}.Release|x86.Build.0 = Release|Any CPU
		{B3F0A363-382F-4CDD-97A7-9DF3A4BF0B5A}.Debug|Any CPU.ActiveCfg = Debug|Any CPU
		{B3F0A363-382F-4CDD-97A7-9DF3A4BF0B5A}.Debug|Any CPU.Build.0 = Debug|Any CPU
		{B3F0A363-382F-4CDD-97A7-9DF3A4BF0B5A}.Debug|x86.ActiveCfg = Debug|Any CPU
		{B3F0A363-382F-4CDD-97A7-9DF3A4BF0B5A}.Debug|x86.Build.0 = Debug|Any CPU
		{B3F0A363-382F-4CDD-97A7-9DF3A4BF0B5A}.Release|Any CPU.ActiveCfg = Release|Any CPU
		{B3F0A363-382F-4CDD-97A7-9DF3A4BF0B5A}.Release|Any CPU.Build.0 = Release|Any CPU
		{B3F0A363-382F-4CDD-97A7-9DF3A4BF0B5A}.Release|x86.ActiveCfg = Release|Any CPU
		{B3F0A363-382F-4CDD-97A7-9DF3A4BF0B5A}.Release|x86.Build.0 = Release|Any CPU
		{B5137A08-F8DB-4741-B474-39A437533DAF}.Debug|Any CPU.ActiveCfg = Debug|Any CPU
		{B5137A08-F8DB-4741-B474-39A437533DAF}.Debug|Any CPU.Build.0 = Debug|Any CPU
		{B5137A08-F8DB-4741-B474-39A437533DAF}.Debug|x86.ActiveCfg = Debug|Any CPU
		{B5137A08-F8DB-4741-B474-39A437533DAF}.Debug|x86.Build.0 = Debug|Any CPU
		{B5137A08-F8DB-4741-B474-39A437533DAF}.Release|Any CPU.ActiveCfg = Release|Any CPU
		{B5137A08-F8DB-4741-B474-39A437533DAF}.Release|Any CPU.Build.0 = Release|Any CPU
		{B5137A08-F8DB-4741-B474-39A437533DAF}.Release|x86.ActiveCfg = Release|Any CPU
		{B5137A08-F8DB-4741-B474-39A437533DAF}.Release|x86.Build.0 = Release|Any CPU
		{6BDE14A6-64B8-41D0-A651-F32A8877CBD0}.Debug|Any CPU.ActiveCfg = Debug|Any CPU
		{6BDE14A6-64B8-41D0-A651-F32A8877CBD0}.Debug|Any CPU.Build.0 = Debug|Any CPU
		{6BDE14A6-64B8-41D0-A651-F32A8877CBD0}.Debug|x86.ActiveCfg = Debug|Any CPU
		{6BDE14A6-64B8-41D0-A651-F32A8877CBD0}.Debug|x86.Build.0 = Debug|Any CPU
		{6BDE14A6-64B8-41D0-A651-F32A8877CBD0}.Release|Any CPU.ActiveCfg = Release|Any CPU
		{6BDE14A6-64B8-41D0-A651-F32A8877CBD0}.Release|Any CPU.Build.0 = Release|Any CPU
		{6BDE14A6-64B8-41D0-A651-F32A8877CBD0}.Release|x86.ActiveCfg = Release|Any CPU
		{6BDE14A6-64B8-41D0-A651-F32A8877CBD0}.Release|x86.Build.0 = Release|Any CPU
		{FFEF18E1-FC15-42C9-88EB-2B24B54D7F73}.Debug|Any CPU.ActiveCfg = Debug|Any CPU
		{FFEF18E1-FC15-42C9-88EB-2B24B54D7F73}.Debug|Any CPU.Build.0 = Debug|Any CPU
		{FFEF18E1-FC15-42C9-88EB-2B24B54D7F73}.Debug|x86.ActiveCfg = Debug|Any CPU
		{FFEF18E1-FC15-42C9-88EB-2B24B54D7F73}.Debug|x86.Build.0 = Debug|Any CPU
		{FFEF18E1-FC15-42C9-88EB-2B24B54D7F73}.Release|Any CPU.ActiveCfg = Release|Any CPU
		{FFEF18E1-FC15-42C9-88EB-2B24B54D7F73}.Release|Any CPU.Build.0 = Release|Any CPU
		{FFEF18E1-FC15-42C9-88EB-2B24B54D7F73}.Release|x86.ActiveCfg = Release|Any CPU
		{FFEF18E1-FC15-42C9-88EB-2B24B54D7F73}.Release|x86.Build.0 = Release|Any CPU
	EndGlobalSection
	GlobalSection(SolutionProperties) = preSolution
		HideSolutionNode = FALSE
	EndGlobalSection
	GlobalSection(NestedProjects) = preSolution
		{FA50218A-1FD3-4739-87EB-4E77591EE0A2} = {B9B89B13-ACF6-48F7-B5C6-26A441AD5D06}
		{8365B169-5835-4CC6-B9F3-91DD27AE4E1A} = {B9B89B13-ACF6-48F7-B5C6-26A441AD5D06}
		{FEDDE9A5-923F-47F7-B7AC-63BEAA34E7F8} = {B9B89B13-ACF6-48F7-B5C6-26A441AD5D06}
		{288345C5-9FD4-4AC9-A9D1-D42BC9AD3316} = {B9B89B13-ACF6-48F7-B5C6-26A441AD5D06}
		{127297A9-3E7C-47ED-91BC-D29B8E1F9D7D} = {B9B89B13-ACF6-48F7-B5C6-26A441AD5D06}
		{C81D0A59-F9B2-450B-A59D-5AEF7AE898C1} = {B9B89B13-ACF6-48F7-B5C6-26A441AD5D06}
		{39712C5D-86AB-49B9-B9A8-B55BE19C43D5} = {B9B89B13-ACF6-48F7-B5C6-26A441AD5D06}
		{69C85426-E02A-4AF6-894C-9CE05EBBC66E} = {B9B89B13-ACF6-48F7-B5C6-26A441AD5D06}
		{6F7C7749-44BD-42C0-9EF8-CACF87184CDF} = {82E5A76F-9935-4684-8A04-E022F90C532A}
		{B3F0A363-382F-4CDD-97A7-9DF3A4BF0B5A} = {82E5A76F-9935-4684-8A04-E022F90C532A}
		{B5137A08-F8DB-4741-B474-39A437533DAF} = {82E5A76F-9935-4684-8A04-E022F90C532A}
		{6BDE14A6-64B8-41D0-A651-F32A8877CBD0} = {82E5A76F-9935-4684-8A04-E022F90C532A}
		{FFEF18E1-FC15-42C9-88EB-2B24B54D7F73} = {B9B89B13-ACF6-48F7-B5C6-26A441AD5D06}
	EndGlobalSection
	GlobalSection(ExtensibilityGlobals) = postSolution
		SolutionGuid = {606CE861-55C0-4D06-AFD4-63EB2E6815DB}
	EndGlobalSection
EndGlobal
